dependencies:
  espressif/cjson:
    component_hash: e788323270d90738662d66fffa910bfe1fba019bba087f01557e70c40485b469
    dependencies:
    - name: idf
      require: private
      version: '>=5.0'
    source:
      registry_url: https://components.espressif.com
      type: service
    version: 1.7.19~2
  espressif/network_provisioning:
    component_hash: 555eb2a32ed8db0e9996dfc781efc15e637bfc14335006b9be68e6fd3b1ca06c
    dependencies:
    - name: espressif/cjson
      registry_url: https://components.espressif.com
      require: private
      rules:
      - if: idf_version >= 6.0
      version: ^1.7.19
    - name: idf
      require: private
      version: '>=5.1'
    source:
      registry_url: https://components.espressif.com/
      type: service
    version: 1.2.2
  idf:
    source:
      type: idf
    version: 6.0.0
direct_dependencies:
- espressif/network_provisioning
- idf
manifest_hash: c2a2d99e4f05e71cc82a2873b053fddfb77c86eea651aa99f01e359c0f3d984d
target: esp32s2
version: 3.0.0
